{
  "name": "terra-sandbox-integration",
  "version": "1.0.0",
  "lockfileVersion": 3,
  "requires": true,
  "packages": {
    "": {
      "name": "terra-sandbox-integration",
      "version": "1.0.0",
      "dependencies": {
        "terra-combase": "file:../combase/Combase/packages/combase-sdk",
        "terra-lumina": "file:../lumina/Lumina/packages/lumina-sdk",
        "terra-rolla": "file:../rolla/Rolla/packages/rolla-sdk",
        "terra-webbl": "file:../webbl/Webbl/packages/webbl-sdk"
      }
    },
    "../combase/Combase/packages/combase-sdk": {
      "name": "terra-combase",
      "version": "1.0.0",
      "license": "MIT",
      "bin": {
        "combase": "bin/combase.js",
        "terra-combase": "bin/combase.js"
      },
      "devDependencies": {
        "@types/node": "^20.19.43",
        "typescript": "^5.9.3"
      }
    },
    "../lumina/Lumina/packages/lumina-sdk": {
      "name": "terra-lumina",
      "version": "1.0.0",
      "license": "MIT",
      "bin": {
        "lumina": "bin/lumina.js",
        "terra-lumina": "bin/lumina.js"
      },
      "devDependencies": {
        "@types/node": "^20.19.43",
        "typescript": "^5.9.3"
      }
    },
    "../rolla/Rolla/packages/rolla-sdk": {
      "name": "terra-rolla",
      "version": "1.2.2",
      "license": "MIT",
      "bin": {
        "rolla": "bin/rolla.js"
      },
      "devDependencies": {
        "@types/node": "^20.19.43",
        "typescript": "^5.9.3"
      }
    },
    "../webbl/Webbl/packages/webbl-sdk": {
      "name": "terra-webbl",
      "version": "1.0.4",
      "license": "MIT",
      "bin": {
        "terra-webbl": "bin/webbl.js",
        "webbl": "bin/webbl.js"
      },
      "devDependencies": {
        "@types/node": "^20.0.0",
        "typescript": "^5.4.0"
      }
    },
    "node_modules/terra-combase": {
      "resolved": "../combase/Combase/packages/combase-sdk",
      "link": true
    },
    "node_modules/terra-lumina": {
      "resolved": "../lumina/Lumina/packages/lumina-sdk",
      "link": true
    },
    "node_modules/terra-rolla": {
      "resolved": "../rolla/Rolla/packages/rolla-sdk",
      "link": true
    },
    "node_modules/terra-webbl": {
      "resolved": "../webbl/Webbl/packages/webbl-sdk",
      "link": true
    }
  }
}
